
Microsoft Visual Studio Solution File, Format Version 12.00
# Visual Studio Version 17
VisualStudioVersion = 17.7.34003.232
MinimumVisualStudioVersion = 10.0.40219.1
Project("{FAE04EC0-301F-11D3-BF4B-00C04F79EFBC}") = "Domain", "Domain\Domain.csproj", "{5108A211-616D-4ADC-8027-C4CABC19B815}"
EndProject
Project("{FAE04EC0-301F-11D3-BF4B-00C04F79EFBC}") = "DataAccess", "DataAccess\DataAccess.csproj", "{10F44955-4943-4397-9207-DEC24905D830}"
EndProject
Global
	GlobalSection(SolutionConfigurationPlatforms) = preSolution
		Debug|Any CPU = Debug|Any CPU
		Release|Any CPU = Release|Any CPU
	EndGlobalSection
	GlobalSection(ProjectConfigurationPlatforms) = postSolution
		{5108A211-616D-4ADC-8027-C4CABC19B815}.Debug|Any CPU.ActiveCfg = Debug|Any CPU
		{5108A211-616D-4ADC-8027-C4CABC19B815}.Debug|Any CPU.Build.0 = Debug|Any CPU
		{5108A211-616D-4ADC-8027-C4CABC19B815}.Release|Any CPU.ActiveCfg = Release|Any CPU
		{5108A211-616D-4ADC-8027-C4CABC19B815}.Release|Any CPU.Build.0 = Release|Any CPU
		{10F44955-4943-4397-9207-DEC24905D830}.Debug|Any CPU.ActiveCfg = Debug|Any CPU
		{10F44955-4943-4397-9207-DEC24905D830}.Debug|Any CPU.Build.0 = Debug|Any CPU
		{10F44955-4943-4397-9207-DEC24905D830}.Release|Any CPU.ActiveCfg = Release|Any CPU
		{10F44955-4943-4397-9207-DEC24905D830}.Release|Any CPU.Build.0 = Release|Any CPU
	EndGlobalSection
	GlobalSection(SolutionProperties) = preSolution
		HideSolutionNode = FALSE
	EndGlobalSection
	GlobalSection(ExtensibilityGlobals) = postSolution
		SolutionGuid = {17D882A2-6693-4F3B-9AE7-E1AC3637D21F}
	EndGlobalSection
EndGlobal
